{
  "name": "baba-baidyanath-real-estate-project",
  "version": "1.0.0",
  "lockfileVersion": 3,
  "requires": true,
  "packages": {
    "": {
      "name": "baba-baidyanath-real-estate-project",
      "version": "1.0.0",
      "devDependencies": {
        "@dietrichgebert/ponytail": "^4.10.0"
      }
    },
    "node_modules/@dietrichgebert/ponytail": {
      "version": "4.10.0",
      "resolved": "https://registry.npmjs.org/@dietrichgebert/ponytail/-/ponytail-4.10.0.tgz",
      "integrity": "sha512-O2H+RWO0ojk8D8yz9q1F82ybKTXpYtrBb7mHkQT+/iCtsXndAxJo05KU1hkLPjV203ABq+cj89Th9jFvdnc6Mg==",
      "dev": true,
      "license": "MIT"
    }
  }
}
